# THIS IS AN AUTOGENERATED FILE. DO NOT EDIT THIS FILE DIRECTLY.
# yarn lockfile v1


acorn@~2.6.4:
  version "2.6.4"
  resolved "https://registry.yarnpkg.com/acorn/-/acorn-2.6.4.tgz#eb1f45b4a43fa31d03701a5ec46f3b52673e90ee"

align-text@^0.1.1, align-text@^0.1.3:
  version "0.1.4"
  resolved "https://registry.yarnpkg.com/align-text/-/align-text-0.1.4.tgz#0cd90a561093f35d0a99256c22b7069433fad117"
  dependencies:
    kind-of "^3.0.2"
    longest "^1.0.1"
    repeat-string "^1.5.2"

alter@~0.2.0:
  version "0.2.0"
  resolved "https://registry.yarnpkg.com/alter/-/alter-0.2.0.tgz#c7588808617572034aae62480af26b1d4d1cb3cd"
  dependencies:
    stable "~0.1.3"

balanced-match@^0.4.1:
  version "0.4.2"
  resolved "https://registry.yarnpkg.com/balanced-match/-/balanced-match-0.4.2.tgz#cb3f3e3c732dc0f01ee70b403f302e61d7709838"

brace-expansion@^1.1.7:
  version "1.1.7"
  resolved "https://registry.yarnpkg.com/brace-expansion/-/brace-expansion-1.1.7.tgz#3effc3c50e000531fb720eaff80f0ae8ef23cf59"
  dependencies:
    balanced-match "^0.4.1"
    concat-map "0.0.1"

camelcase@^1.0.2:
  version "1.2.1"
  resolved "https://registry.yarnpkg.com/camelcase/-/camelcase-1.2.1.tgz#9bb5304d2e0b56698b2c758b08a3eaa9daa58a39"

center-align@^0.1.1:
  version "0.1.3"
  resolved "https://registry.yarnpkg.com/center-align/-/center-align-0.1.3.tgz#aa0d32629b6ee972200411cbd4461c907bc2b7ad"
  dependencies:
    align-text "^0.1.3"
    lazy-cache "^1.0.3"

cliui@^2.1.0:
  version "2.1.0"
  resolved "https://registry.yarnpkg.com/cliui/-/cliui-2.1.0.tgz#4b475760ff80264c762c3a1719032e91c7fea0d1"
  dependencies:
    center-align "^0.1.1"
    right-align "^0.1.1"
    wordwrap "0.0.2"

concat-map@0.0.1:
  version "0.0.1"
  resolved "https://registry.yarnpkg.com/concat-map/-/concat-map-0.0.1.tgz#d8a96bd77fd68df7793a73036a3ba0d5405d477b"

convert-source-map@~1.1.2:
  version "1.1.3"
  resolved "https://registry.yarnpkg.com/convert-source-map/-/convert-source-map-1.1.3.tgz#4829c877e9fe49b3161f3bf3673888e204699860"

decamelize@^1.0.0:
  version "1.2.0"
  resolved "https://registry.yarnpkg.com/decamelize/-/decamelize-1.2.0.tgz#f6534d15148269b20352e7bee26f501f9a191290"

fs-extra@3.0.1:
  version "3.0.1"
  resolved "https://registry.yarnpkg.com/fs-extra/-/fs-extra-3.0.1.tgz#3794f378c58b342ea7dbbb23095109c4b3b62291"
  dependencies:
    graceful-fs "^4.1.2"
    jsonfile "^3.0.0"
    universalify "^0.1.0"

fs.realpath@^1.0.0:
  version "1.0.0"
  resolved "https://registry.yarnpkg.com/fs.realpath/-/fs.realpath-1.0.0.tgz#1504ad2523158caa40db4a2787cb01411994ea4f"

glob@^7.0.0, glob@^7.0.5:
  version "7.1.1"
  resolved "https://registry.yarnpkg.com/glob/-/glob-7.1.1.tgz#805211df04faaf1c63a3600306cdf5ade50b2ec8"
  dependencies:
    fs.realpath "^1.0.0"
    inflight "^1.0.4"
    inherits "2"
    minimatch "^3.0.2"
    once "^1.3.0"
    path-is-absolute "^1.0.0"

graceful-fs@^4.1.2, graceful-fs@^4.1.6:
  version "4.1.11"
  resolved "https://registry.yarnpkg.com/graceful-fs/-/graceful-fs-4.1.11.tgz#0e8bdfe4d1ddb8854d64e04ea7c00e2a026e5658"

inflight@^1.0.4:
  version "1.0.6"
  resolved "https://registry.yarnpkg.com/inflight/-/inflight-1.0.6.tgz#49bd6331d7d02d0c09bc910a1075ba8165b56df9"
  dependencies:
    once "^1.3.0"
    wrappy "1"

inherits@2:
  version "2.0.3"
  resolved "https://registry.yarnpkg.com/inherits/-/inherits-2.0.3.tgz#633c2c83e3da42a502f52466022480f4208261de"

interpret@^1.0.0:
  version "1.0.3"
  resolved "https://registry.yarnpkg.com/interpret/-/interpret-1.0.3.tgz#cbc35c62eeee73f19ab7b10a801511401afc0f90"

is-buffer@^1.1.5:
  version "1.1.5"
  resolved "https://registry.yarnpkg.com/is-buffer/-/is-buffer-1.1.5.tgz#1f3b26ef613b214b88cbca23cc6c01d87961eecc"

jsonfile@^3.0.0:
  version "3.0.0"
  resolved "https://registry.yarnpkg.com/jsonfile/-/jsonfile-3.0.0.tgz#92e7c7444e5ffd5fa32e6a9ae8b85034df8347d0"
  optionalDependencies:
    graceful-fs "^4.1.6"

kind-of@^3.0.2:
  version "3.2.0"
  resolved "https://registry.yarnpkg.com/kind-of/-/kind-of-3.2.0.tgz#b58abe4d5c044ad33726a8c1525b48cf891bff07"
  dependencies:
    is-buffer "^1.1.5"

lazy-cache@^1.0.3:
  version "1.0.4"
  resolved "https://registry.yarnpkg.com/lazy-cache/-/lazy-cache-1.0.4.tgz#a1d78fc3a50474cb80845d3b3b6e1da49a446e8e"

longest@^1.0.1:
  version "1.0.1"
  resolved "https://registry.yarnpkg.com/longest/-/longest-1.0.1.tgz#30a0b2da38f73770e8294a0d22e6625ed77d0097"

minimatch@^3.0.2:
  version "3.0.4"
  resolved "https://registry.yarnpkg.com/minimatch/-/minimatch-3.0.4.tgz#5166e286457f03306064be5497e8dbb0c3d32083"
  dependencies:
    brace-expansion "^1.1.7"

minimist@~0.0.1:
  version "0.0.10"
  resolved "https://registry.yarnpkg.com/minimist/-/minimist-0.0.10.tgz#de3f98543dbf96082be48ad1a0c7cda836301dcf"

ng-annotate@1.2.1:
  version "1.2.1"
  resolved "https://registry.yarnpkg.com/ng-annotate/-/ng-annotate-1.2.1.tgz#eb8bc1a6731c70d08af6b02c3eaf1a6e3fb9e6bb"
  dependencies:
    acorn "~2.6.4"
    alter "~0.2.0"
    convert-source-map "~1.1.2"
    optimist "~0.6.1"
    ordered-ast-traverse "~1.1.1"
    simple-fmt "~0.1.0"
    simple-is "~0.2.0"
    source-map "~0.5.3"
    stable "~0.1.5"
    stringmap "~0.2.2"
    stringset "~0.2.1"
    tryor "~0.1.2"

once@^1.3.0:
  version "1.4.0"
  resolved "https://registry.yarnpkg.com/once/-/once-1.4.0.tgz#583b1aa775961d4b113ac17d9c50baef9dd76bd1"
  dependencies:
    wrappy "1"

optimist@~0.6.1:
  version "0.6.1"
  resolved "https://registry.yarnpkg.com/optimist/-/optimist-0.6.1.tgz#da3ea74686fa21a19a111c326e90eb15a0196686"
  dependencies:
    minimist "~0.0.1"
    wordwrap "~0.0.2"

ordered-ast-traverse@~1.1.1:
  version "1.1.1"
  resolved "https://registry.yarnpkg.com/ordered-ast-traverse/-/ordered-ast-traverse-1.1.1.tgz#6843a170bc0eee8b520cc8ddc1ddd3aa30fa057c"
  dependencies:
    ordered-esprima-props "~1.1.0"

ordered-esprima-props@~1.1.0:
  version "1.1.0"
  resolved "https://registry.yarnpkg.com/ordered-esprima-props/-/ordered-esprima-props-1.1.0.tgz#a9827086df5f010aa60e9bd02b6e0335cea2ffcb"

path-is-absolute@^1.0.0:
  version "1.0.1"
  resolved "https://registry.yarnpkg.com/path-is-absolute/-/path-is-absolute-1.0.1.tgz#174b9268735534ffbc7ace6bf53a5a9e1b5c5f5f"

path-parse@^1.0.5:
  version "1.0.5"
  resolved "https://registry.yarnpkg.com/path-parse/-/path-parse-1.0.5.tgz#3c1adf871ea9cd6c9431b6ea2bd74a0ff055c4c1"

rechoir@^0.6.2:
  version "0.6.2"
  resolved "https://registry.yarnpkg.com/rechoir/-/rechoir-0.6.2.tgz#85204b54dba82d5742e28c96756ef43af50e3384"
  dependencies:
    resolve "^1.1.6"

repeat-string@^1.5.2:
  version "1.6.1"
  resolved "https://registry.yarnpkg.com/repeat-string/-/repeat-string-1.6.1.tgz#8dcae470e1c88abc2d600fff4a776286da75e637"

resolve@^1.1.6:
  version "1.3.3"
  resolved "https://registry.yarnpkg.com/resolve/-/resolve-1.3.3.tgz#655907c3469a8680dc2de3a275a8fdd69691f0e5"
  dependencies:
    path-parse "^1.0.5"

right-align@^0.1.1:
  version "0.1.3"
  resolved "https://registry.yarnpkg.com/right-align/-/right-align-0.1.3.tgz#61339b722fe6a3515689210d24e14c96148613ef"
  dependencies:
    align-text "^0.1.1"

rimraf@2.6.1:
  version "2.6.1"
  resolved "https://registry.yarnpkg.com/rimraf/-/rimraf-2.6.1.tgz#c2338ec643df7a1b7fe5c54fa86f57428a55f33d"
  dependencies:
    glob "^7.0.5"

shelljs@0.7.7:
  version "0.7.7"
  resolved "https://registry.yarnpkg.com/shelljs/-/shelljs-0.7.7.tgz#b2f5c77ef97148f4b4f6e22682e10bba8667cff1"
  dependencies:
    glob "^7.0.0"
    interpret "^1.0.0"
    rechoir "^0.6.2"

simple-fmt@~0.1.0:
  version "0.1.0"
  resolved "https://registry.yarnpkg.com/simple-fmt/-/simple-fmt-0.1.0.tgz#191bf566a59e6530482cb25ab53b4a8dc85c3a6b"

simple-is@~0.2.0:
  version "0.2.0"
  resolved "https://registry.yarnpkg.com/simple-is/-/simple-is-0.2.0.tgz#2abb75aade39deb5cc815ce10e6191164850baf0"

source-map@~0.5.1, source-map@~0.5.3:
  version "0.5.6"
  resolved "https://registry.yarnpkg.com/source-map/-/source-map-0.5.6.tgz#75ce38f52bf0733c5a7f0c118d81334a2bb5f412"

stable@~0.1.3, stable@~0.1.5:
  version "0.1.6"
  resolved "https://registry.yarnpkg.com/stable/-/stable-0.1.6.tgz#910f5d2aed7b520c6e777499c1f32e139fdecb10"

stringmap@~0.2.2:
  version "0.2.2"
  resolved "https://registry.yarnpkg.com/stringmap/-/stringmap-0.2.2.tgz#556c137b258f942b8776f5b2ef582aa069d7d1b1"

stringset@~0.2.1:
  version "0.2.1"
  resolved "https://registry.yarnpkg.com/stringset/-/stringset-0.2.1.tgz#ef259c4e349344377fcd1c913dd2e848c9c042b5"

tryor@~0.1.2:
  version "0.1.2"
  resolved "https://registry.yarnpkg.com/tryor/-/tryor-0.1.2.tgz#8145e4ca7caff40acde3ccf946e8b8bb75b4172b"

uglify-js@2.8.21:
  version "2.8.21"
  resolved "https://registry.yarnpkg.com/uglify-js/-/uglify-js-2.8.21.tgz#1733f669ae6f82fc90c7b25ec0f5c783ee375314"
  dependencies:
    source-map "~0.5.1"
    yargs "~3.10.0"
  optionalDependencies:
    uglify-to-browserify "~1.0.0"

uglify-to-browserify@~1.0.0:
  version "1.0.2"
  resolved "https://registry.yarnpkg.com/uglify-to-browserify/-/uglify-to-browserify-1.0.2.tgz#6e0924d6bda6b5afe349e39a6d632850a0f882b7"

universalify@^0.1.0:
  version "0.1.0"
  resolved "https://registry.yarnpkg.com/universalify/-/universalify-0.1.0.tgz#9eb1c4651debcc670cc94f1a75762332bb967778"

window-size@0.1.0:
  version "0.1.0"
  resolved "https://registry.yarnpkg.com/window-size/-/window-size-0.1.0.tgz#5438cd2ea93b202efa3a19fe8887aee7c94f9c9d"

wordwrap@0.0.2:
  version "0.0.2"
  resolved "https://registry.yarnpkg.com/wordwrap/-/wordwrap-0.0.2.tgz#b79669bb42ecb409f83d583cad52ca17eaa1643f"

wordwrap@~0.0.2:
  version "0.0.3"
  resolved "https://registry.yarnpkg.com/wordwrap/-/wordwrap-0.0.3.tgz#a3d5da6cd5c0bc0008d37234bbaf1bed63059107"

wrappy@1:
  version "1.0.2"
  resolved "https://registry.yarnpkg.com/wrappy/-/wrappy-1.0.2.tgz#b5243d8f3ec1aa35f1364605bc0d1036e30ab69f"

yargs@~3.10.0:
  version "3.10.0"
  resolved "https://registry.yarnpkg.com/yargs/-/yargs-3.10.0.tgz#f7ee7bd857dd7c1d2d38c0e74efbd681d1431fd1"
  dependencies:
    camelcase "^1.0.2"
    cliui "^2.1.0"
    decamelize "^1.0.0"
    window-size "0.1.0"
